
Microsoft Visual Studio Solution File, Format Version 12.00
# Visual Studio Version 16
VisualStudioVersion = 16.0.29201.188
MinimumVisualStudioVersion = 10.0.40219.1
Project("{FAE04EC0-301F-11D3-BF4B-00C04F79EFBC}") = "LightsOut", "LightsOut\LightsOut.csproj", "{0A805921-8AC4-4316-9665-465846D62F6F}"
EndProject
Project("{FAE04EC0-301F-11D3-BF4B-00C04F79EFBC}") = "LightsOutTests", "LightsOutTests\LightsOutTests.csproj", "{CC533845-CD85-4A54-9F8F-1C8C836408E0}"
EndProject
Global
	GlobalSection(SolutionConfigurationPlatforms) = preSolution
		Debug|Any CPU = Debug|Any CPU
		Release|Any CPU = Release|Any CPU
	EndGlobalSection
	GlobalSection(ProjectConfigurationPlatforms) = postSolution
		{0A805921-8AC4-4316-9665-465846D62F6F}.Debug|Any CPU.ActiveCfg = Debug|Any CPU
		{0A805921-8AC4-4316-9665-465846D62F6F}.Debug|Any CPU.Build.0 = Debug|Any CPU
		{0A805921-8AC4-4316-9665-465846D62F6F}.Release|Any CPU.ActiveCfg = Release|Any CPU
		{0A805921-8AC4-4316-9665-465846D62F6F}.Release|Any CPU.Build.0 = Release|Any CPU
		{CC533845-CD85-4A54-9F8F-1C8C836408E0}.Debug|Any CPU.ActiveCfg = Debug|Any CPU
		{CC533845-CD85-4A54-9F8F-1C8C836408E0}.Debug|Any CPU.Build.0 = Debug|Any CPU
		{CC533845-CD85-4A54-9F8F-1C8C836408E0}.Release|Any CPU.ActiveCfg = Release|Any CPU
		{CC533845-CD85-4A54-9F8F-1C8C836408E0}.Release|Any CPU.Build.0 = Release|Any CPU
	EndGlobalSection
	GlobalSection(SolutionProperties) = preSolution
		HideSolutionNode = FALSE
	EndGlobalSection
	GlobalSection(ExtensibilityGlobals) = postSolution
		SolutionGuid = {95E12CBA-2C0E-4058-89A8-1F4A86BBCBD1}
	EndGlobalSection
EndGlobal
